
Microsoft Visual Studio Solution File, Format Version 12.00
# Visual Studio Version 17
VisualStudioVersion = 17.7.34031.279
MinimumVisualStudioVersion = 10.0.40219.1
Project("{FAE04EC0-301F-11D3-BF4B-00C04F79EFBC}") = "FiapStoreEF", "FiapStoreEF.csproj", "{AF9EC357-882B-471D-8136-2C60B3AC6D9C}"
EndProject
Global
	GlobalSection(SolutionConfigurationPlatforms) = preSolution
		Debug|Any CPU = Debug|Any CPU
		Release|Any CPU = Release|Any CPU
	EndGlobalSection
	GlobalSection(ProjectConfigurationPlatforms) = postSolution
		{AF9EC357-882B-471D-8136-2C60B3AC6D9C}.Debug|Any CPU.ActiveCfg = Debug|Any CPU
		{AF9EC357-882B-471D-8136-2C60B3AC6D9C}.Debug|Any CPU.Build.0 = Debug|Any CPU
		{AF9EC357-882B-471D-8136-2C60B3AC6D9C}.Release|Any CPU.ActiveCfg = Release|Any CPU
		{AF9EC357-882B-471D-8136-2C60B3AC6D9C}.Release|Any CPU.Build.0 = Release|Any CPU
	EndGlobalSection
	GlobalSection(SolutionProperties) = preSolution
		HideSolutionNode = FALSE
	EndGlobalSection
	GlobalSection(ExtensibilityGlobals) = postSolution
		SolutionGuid = {B6CDB374-C00C-469E-A7E2-D5AD90C69140}
	EndGlobalSection
EndGlobal
